{
  "lockfileVersion": 1,
  "workspaces": {
    "": {
      "name": "container_src",
      "dependencies": {
        "ghostty-web": "latest",
      },
    },
  },
  "packages": {
    "ghostty-web": ["ghostty-web@0.4.0", "", {}, "sha512-0puDBik2qapbD/QQBW9o5ZHfXnZBqZWx/ctBiVtKZ6ZLds4NYb+wZuw1cRLXZk9zYovIQ908z3rvFhexAvc5Hg=="],
  }
}
